{
  "name": "ngx-string-to-css-color",
  "version": "0.0.13",
  "lockfileVersion": 1,
  "requires": true,
  "dependencies": {
    "string-to-hex-code-color": {
      "version": "1.0.1",
      "resolved": "https://registry.npmjs.org/string-to-hex-code-color/-/string-to-hex-code-color-1.0.1.tgz",
      "integrity": "sha512-U1lfd9wsqkuAXL/xdgmDYbHzFkM2Nsaq8IugLB2ek1+J6SDMNc2zbQspCY5YlFvTeqOT4OIRCjo3xzhWZ3D62A=="
    }
  }
}
